<?xml version="1.0" encoding="utf-8"?>
<Project ToolsVersion="4.0" xmlns="http://schemas.microsoft.com/developer/msbuild/2003">
  <ItemGroup>
    <Filter Include="源文件">
      <UniqueIdentifier>{4FC737F1-C7A5-4376-A066-2A32D752A2FF}</UniqueIdentifier>
      <Extensions>cpp;c;cc;cxx;c++;cppm;ixx;def;odl;idl;hpj;bat;asm;asmx</Extensions>
    </Filter>
    <Filter Include="头文件">
      <UniqueIdentifier>{93995380-89BD-4b04-88EB-625FBE52EBFB}</UniqueIdentifier>
      <Extensions>h;hh;hpp;hxx;h++;hm;inl;inc;ipp;xsd</Extensions>
    </Filter>
    <Filter Include="资源文件">
      <UniqueIdentifier>{67DA6AB6-F800-4c08-8B7A-83BB121AAD01}</UniqueIdentifier>
      <Extensions>rc;ico;cur;bmp;dlg;rc2;rct;bin;rgs;gif;jpg;jpeg;jpe;resx;tiff;tif;png;wav;mfcribbon-ms</Extensions>
    </Filter>
  </ItemGroup>
  <ItemGroup>
    <ClCompile Include="Source\main.cpp">
      <Filter>源文件</Filter>
    </ClCompile>
    <ClCompile Include="Source\WindowSystem.cpp">
      <Filter>源文件</Filter>
    </ClCompile>
    <ClCompile Include="Source\LogSystem.cpp">
      <Filter>源文件</Filter>
    </ClCompile>
    <ClCompile Include="Source\GlobalContext.cpp">
      <Filter>源文件</Filter>
    </ClCompile>
    <ClCompile Include="Source\VulkanCore.cpp">
      <Filter>源文件</Filter>
    </ClCompile>
    <ClCompile Include="Source\RenderSystem.cpp">
      <Filter>源文件</Filter>
    </ClCompile>
    <ClCompile Include="Source\VulkanUtils.cpp">
      <Filter>源文件</Filter>
    </ClCompile>
    <ClCompile Include="Source\Vulkan\Instance.cpp">
      <Filter>源文件</Filter>
    </ClCompile>
    <ClCompile Include="Source\Vulkan\Vulkan.cpp">
      <Filter>源文件</Filter>
    </ClCompile>
    <ClCompile Include="Source\Vulkan\Window.cpp">
      <Filter>源文件</Filter>
    </ClCompile>
    <ClCompile Include="Source\Vulkan\Device.cpp">
      <Filter>源文件</Filter>
    </ClCompile>
    <ClCompile Include="Source\Vulkan\Surface.cpp">
      <Filter>源文件</Filter>
    </ClCompile>
    <ClCompile Include="Source\Vulkan\BaseRenderer.cpp">
      <Filter>源文件</Filter>
    </ClCompile>
  </ItemGroup>
  <ItemGroup>
    <ClInclude Include="Source\GlfwGeneral.hpp">
      <Filter>头文件</Filter>
    </ClInclude>
    <ClInclude Include="Source\Graphics.h">
      <Filter>头文件</Filter>
    </ClInclude>
    <ClInclude Include="Source\VulkanIncludes.h">
      <Filter>头文件</Filter>
    </ClInclude>
    <ClInclude Include="Source\Fence.h">
      <Filter>头文件</Filter>
    </ClInclude>
    <ClInclude Include="Source\WindowSystem.h">
      <Filter>头文件</Filter>
    </ClInclude>
    <ClInclude Include="Source\LogSystem.h">
      <Filter>头文件</Filter>
    </ClInclude>
    <ClInclude Include="Source\GlobalContext.h">
      <Filter>头文件</Filter>
    </ClInclude>
    <ClInclude Include="Source\VulkanMacro.h">
      <Filter>头文件</Filter>
    </ClInclude>
    <ClInclude Include="Source\VulkanCore.h">
      <Filter>头文件</Filter>
    </ClInclude>
    <ClInclude Include="Source\VulkanTypes.h">
      <Filter>头文件</Filter>
    </ClInclude>
    <ClInclude Include="Source\VulkanExtension.h">
      <Filter>头文件</Filter>
    </ClInclude>
    <ClInclude Include="Source\RenderSystem.h">
      <Filter>头文件</Filter>
    </ClInclude>
    <ClInclude Include="Source\VulkanUtils.h">
      <Filter>头文件</Filter>
    </ClInclude>
    <ClInclude Include="Source\Vulkan\Instance.hpp">
      <Filter>头文件</Filter>
    </ClInclude>
    <ClInclude Include="Source\Vulkan\Vulkan.hpp">
      <Filter>头文件</Filter>
    </ClInclude>
    <ClInclude Include="Source\Vulkan\Window.hpp">
      <Filter>头文件</Filter>
    </ClInclude>
    <ClInclude Include="Source\Vulkan\Exception.hpp">
      <Filter>头文件</Filter>
    </ClInclude>
    <ClInclude Include="Source\Vulkan\Device.hpp">
      <Filter>头文件</Filter>
    </ClInclude>
    <ClInclude Include="Source\Vulkan\Surface.hpp">
      <Filter>头文件</Filter>
    </ClInclude>
    <ClInclude Include="Source\Vulkan\BaseRenderer.hpp">
      <Filter>头文件</Filter>
    </ClInclude>
    <ClInclude Include="Source\Vulkan\Types.h">
      <Filter>头文件</Filter>
    </ClInclude>
  </ItemGroup>
</Project>